{
  "nodes": {
    "flake-utils": {
      "inputs": {
        "systems": "systems"
      },
      "locked": {
        "lastModified": 1731533236,
        "narHash": "sha256-l0KFg5HjrsfsO/JpG+r7fRrqm12kzFHyUHqHCVpMMbI=",
        "owner": "meta-introspector",
        "repo": "flake-utils",
        "rev": "11707dc2f618dd54ca8739b309ec4fc024de578b",
        "type": "github"
      },
      "original": {
        "owner": "meta-introspector",
        "ref": "feature/CRQ-016-nixify",
        "repo": "flake-utils",
        "type": "github"
      }
    },
    "flake-utils_2": {
      "inputs": {
        "systems": "systems_2"
      },
      "locked": {
        "lastModified": 1731533236,
        "narHash": "sha256-l0KFg5HjrsfsO/JpG+r7fRrqm12kzFHyUHqHCVpMMbI=",
        "owner": "meta-introspector",
        "repo": "flake-utils",
        "rev": "11707dc2f618dd54ca8739b309ec4fc024de578b",
        "type": "github"
      },
      "original": {
        "owner": "meta-introspector",
        "ref": "feature/CRQ-016-nixify",
        "repo": "flake-utils",
        "type": "github"
      }
    },
    "flake-utils_3": {
      "inputs": {
        "systems": "systems_3"
      },
      "locked": {
        "lastModified": 1731533236,
        "narHash": "sha256-l0KFg5HjrsfsO/JpG+r7fRrqm12kzFHyUHqHCVpMMbI=",
        "owner": "meta-introspector",
        "repo": "flake-utils",
        "rev": "11707dc2f618dd54ca8739b309ec4fc024de578b",
        "type": "github"
      },
      "original": {
        "owner": "meta-introspector",
        "ref": "feature/CRQ-016-nixify",
        "repo": "flake-utils",
        "type": "github"
      }
    },
    "flake-utils_4": {
      "inputs": {
        "systems": "systems_4"
      },
      "locked": {
        "lastModified": 1731533236,
        "narHash": "sha256-l0KFg5HjrsfsO/JpG+r7fRrqm12kzFHyUHqHCVpMMbI=",
        "owner": "meta-introspector",
        "repo": "flake-utils",
        "rev": "11707dc2f618dd54ca8739b309ec4fc024de578b",
        "type": "github"
      },
      "original": {
        "owner": "meta-introspector",
        "ref": "feature/CRQ-016-nixify",
        "repo": "flake-utils",
        "type": "github"
      }
    },
    "import-cargo": {
      "locked": {
        "lastModified": 1594305518,
        "narHash": "sha256-frtArgN42rSaEcEOYWg8sVPMUK+Zgch3c+wejcpX3DY=",
        "owner": "meta-introspector",
        "repo": "import-cargo",
        "rev": "25d40be4a73d40a2572e0cc233b83253554f06c5",
        "type": "github"
      },
      "original": {
        "owner": "meta-introspector",
        "ref": "feature/CRQ-016-nixify",
        "repo": "import-cargo",
        "type": "github"
      }
    },
    "nar-exporter-flake": {
      "inputs": {
        "flake-utils": "flake-utils_2",
        "nixpkgs": "nixpkgs",
        "rnix-dump-flake": "rnix-dump-flake"
      },
      "locked": {
        "dir": "10/12/proof/001_nar_exporter",
        "lastModified": 1760300639,
        "narHash": "sha256-/N7vddHZchBkaB2dm09qH7jcRzB/mthvKvAUFbmlSOc=",
        "owner": "meta-introspector",
        "repo": "time-2025",
        "rev": "695b1ba5e191219593dc4e84d37ded9821b251e1",
        "type": "github"
      },
      "original": {
        "dir": "10/12/proof/001_nar_exporter",
        "owner": "meta-introspector",
        "ref": "feature/aimyc-002-sample-extraction",
        "repo": "time-2025",
        "type": "github"
      }
    },
    "nix-store-dump": {
      "inputs": {
        "flake-utils": "flake-utils_4",
        "nixpkgs": "nixpkgs_2"
      },
      "locked": {
        "dir": "10/11/nix-store-dump",
        "lastModified": 1760291549,
        "narHash": "sha256-AHY5WDw1Rq8SGTrpC1SbrqmAin7F4S4iX/Q19W41hKQ=",
        "owner": "meta-introspector",
        "repo": "time-2025",
        "rev": "46e3fa027b39c22f65fc65f2b42ce987e60c9a26",
        "type": "github"
      },
      "original": {
        "dir": "10/11/nix-store-dump",
        "owner": "meta-introspector",
        "ref": "feature/aimyc-002-sample-extraction",
        "repo": "time-2025",
        "type": "github"
      }
    },
    "nixpkgs": {
      "locked": {
        "lastModified": 1757898380,
        "narHash": "sha256-1Z0KAfbySsHu/IoZbBJLrPgs3IqQGup0T8J9S1ffAkE=",
        "owner": "meta-introspector",
        "repo": "nixpkgs",
        "rev": "26833ad1dad83826ef7cc52e0009ca9b7097c79f",
        "type": "github"
      },
      "original": {
        "owner": "meta-introspector",
        "ref": "feature/CRQ-016-nixify",
        "repo": "nixpkgs",
        "type": "github"
      }
    },
    "nixpkgs_2": {
      "locked": {
        "lastModified": 1757898380,
        "narHash": "sha256-1Z0KAfbySsHu/IoZbBJLrPgs3IqQGup0T8J9S1ffAkE=",
        "owner": "meta-introspector",
        "repo": "nixpkgs",
        "rev": "26833ad1dad83826ef7cc52e0009ca9b7097c79f",
        "type": "github"
      },
      "original": {
        "owner": "meta-introspector",
        "ref": "feature/CRQ-016-nixify",
        "repo": "nixpkgs",
        "type": "github"
      }
    },
    "nixpkgs_3": {
      "locked": {
        "lastModified": 1757898380,
        "narHash": "sha256-1Z0KAfbySsHu/IoZbBJLrPgs3IqQGup0T8J9S1ffAkE=",
        "owner": "meta-introspector",
        "repo": "nixpkgs",
        "rev": "26833ad1dad83826ef7cc52e0009ca9b7097c79f",
        "type": "github"
      },
      "original": {
        "owner": "meta-introspector",
        "ref": "feature/CRQ-016-nixify",
        "repo": "nixpkgs",
        "type": "github"
      }
    },
    "nixpkgs_4": {
      "locked": {
        "lastModified": 1757898380,
        "narHash": "sha256-1Z0KAfbySsHu/IoZbBJLrPgs3IqQGup0T8J9S1ffAkE=",
        "owner": "meta-introspector",
        "repo": "nixpkgs",
        "rev": "26833ad1dad83826ef7cc52e0009ca9b7097c79f",
        "type": "github"
      },
      "original": {
        "owner": "meta-introspector",
        "ref": "feature/CRQ-016-nixify",
        "repo": "nixpkgs",
        "type": "github"
      }
    },
    "nixpkgs_5": {
      "locked": {
        "lastModified": 1757898380,
        "narHash": "sha256-1Z0KAfbySsHu/IoZbBJLrPgs3IqQGup0T8J9S1ffAkE=",
        "owner": "meta-introspector",
        "repo": "nixpkgs",
        "rev": "26833ad1dad83826ef7cc52e0009ca9b7097c79f",
        "type": "github"
      },
      "original": {
        "owner": "meta-introspector",
        "ref": "feature/CRQ-016-nixify",
        "repo": "nixpkgs",
        "type": "github"
      }
    },
    "rnix-dump-flake": {
      "inputs": {
        "flake-utils": "flake-utils_3",
        "nix-store-dump": "nix-store-dump",
        "nixpkgs": "nixpkgs_3",
        "rnix-parser": "rnix-parser"
      },
      "locked": {
        "lastModified": 1,
        "narHash": "sha256-jyjQ6pUKnjE2jr9LfNghg2stwqtZpYAWewbut2x/RbQ=",
        "path": "../000_rnix_dump",
        "type": "path"
      },
      "original": {
        "path": "../000_rnix_dump",
        "type": "path"
      }
    },
    "rnix-parser": {
      "inputs": {
        "import-cargo": "import-cargo",
        "nixpkgs": "nixpkgs_4",
        "utils": "utils"
      },
      "locked": {
        "lastModified": 1758426618,
        "narHash": "sha256-jpF4Xm7dYe4Iwt87O6zPjxfPuxneJDoFXSdubwlS++c=",
        "owner": "meta-introspector",
        "repo": "rnix-parser",
        "rev": "a9b2afe235aac649138020c7ee5e1354b9c4ec8d",
        "type": "github"
      },
      "original": {
        "owner": "meta-introspector",
        "ref": "feature/CRQ-016-nixify-workflow",
        "repo": "rnix-parser",
        "type": "github"
      }
    },
    "root": {
      "inputs": {
        "flake-utils": "flake-utils",
        "nar-exporter-flake": "nar-exporter-flake",
        "nixpkgs": "nixpkgs_5"
      }
    },
    "systems": {
      "locked": {
        "lastModified": 1681028828,
        "narHash": "sha256-Vy1rq5AaRuLzOxct8nz4T6wlgyUR7zLU309k9mBC768=",
        "owner": "nix-systems",
        "repo": "default",
        "rev": "da67096a3b9bf56a91d16901293e51ba5b49a27e",
        "type": "github"
      },
      "original": {
        "owner": "nix-systems",
        "repo": "default",
        "type": "github"
      }
    },
    "systems_2": {
      "locked": {
        "lastModified": 1681028828,
        "narHash": "sha256-Vy1rq5AaRuLzOxct8nz4T6wlgyUR7zLU309k9mBC768=",
        "owner": "nix-systems",
        "repo": "default",
        "rev": "da67096a3b9bf56a91d16901293e51ba5b49a27e",
        "type": "github"
      },
      "original": {
        "owner": "nix-systems",
        "repo": "default",
        "type": "github"
      }
    },
    "systems_3": {
      "locked": {
        "lastModified": 1681028828,
        "narHash": "sha256-Vy1rq5AaRuLzOxct8nz4T6wlgyUR7zLU309k9mBC768=",
        "owner": "nix-systems",
        "repo": "default",
        "rev": "da67096a3b9bf56a91d16901293e51ba5b49a27e",
        "type": "github"
      },
      "original": {
        "owner": "nix-systems",
        "repo": "default",
        "type": "github"
      }
    },
    "systems_4": {
      "locked": {
        "lastModified": 1681028828,
        "narHash": "sha256-Vy1rq5AaRuLzOxct8nz4T6wlgyUR7zLU309k9mBC768=",
        "owner": "nix-systems",
        "repo": "default",
        "rev": "da67096a3b9bf56a91d16901293e51ba5b49a27e",
        "type": "github"
      },
      "original": {
        "owner": "nix-systems",
        "repo": "default",
        "type": "github"
      }
    },
    "systems_5": {
      "locked": {
        "lastModified": 1681028828,
        "narHash": "sha256-Vy1rq5AaRuLzOxct8nz4T6wlgyUR7zLU309k9mBC768=",
        "owner": "nix-systems",
        "repo": "default",
        "rev": "da67096a3b9bf56a91d16901293e51ba5b49a27e",
        "type": "github"
      },
      "original": {
        "owner": "nix-systems",
        "repo": "default",
        "type": "github"
      }
    },
    "utils": {
      "inputs": {
        "systems": "systems_5"
      },
      "locked": {
        "lastModified": 1731533236,
        "narHash": "sha256-l0KFg5HjrsfsO/JpG+r7fRrqm12kzFHyUHqHCVpMMbI=",
        "owner": "meta-introspector",
        "repo": "flake-utils",
        "rev": "11707dc2f618dd54ca8739b309ec4fc024de578b",
        "type": "github"
      },
      "original": {
        "owner": "meta-introspector",
        "ref": "feature/CRQ-016-nixify",
        "repo": "flake-utils",
        "type": "github"
      }
    }
  },
  "root": "root",
  "version": 7
}
