{
  "nodes": {
    "ai-ml-zk-ops": {
      "inputs": {
        "awk-runner-flake": "awk-runner-flake",
        "default-package-flake": "default-package-flake",
        "dev-shell-flake": "dev-shell-flake",
        "flake-utils-wrapper": "flake-utils-wrapper_4",
        "nixpkgs": "nixpkgs_10",
        "repo-data-flake": "repo-data-flake_4",
        "repo-packages-flake": "repo-packages-flake"
      },
      "locked": {
        "lastModified": 1758806322,
        "narHash": "sha256-0ptNt9e7bb3Ok4W/lbUfwvH1U6A8VwrPgOs8hlMzhWY=",
        "owner": "meta-introspector",
        "repo": "ai-ml-zk-ops",
        "rev": "1b7e9681bbcdbc79bb17f53d50723915730583fb",
        "type": "github"
      },
      "original": {
        "owner": "meta-introspector",
        "ref": "feature/concept-to-nix-8s",
        "repo": "ai-ml-zk-ops",
        "type": "github"
      }
    },
    "awk-runner-flake": {
      "inputs": {
        "flake-utils-wrapper": "flake-utils-wrapper",
        "nixpkgs-pinned": "nixpkgs-pinned",
        "repo-data-flake": "repo-data-flake"
      },
      "locked": {
        "dir": "flakes/awk-runner-flake",
        "lastModified": 1758737932,
        "narHash": "sha256-34UPsd1sKPgsFivGRAXyd369LADKqgt3akSzheGhcM0=",
        "owner": "meta-introspector",
        "repo": "ai-ml-zk-ops",
        "rev": "1d4b0df30b2163b5abf6a85e3c83f174afd3db4b",
        "type": "github"
      },
      "original": {
        "dir": "flakes/awk-runner-flake",
        "owner": "meta-introspector",
        "ref": "feature/concept-to-nix-8s",
        "repo": "ai-ml-zk-ops",
        "type": "github"
      }
    },
    "build-telemetry-flake": {
      "inputs": {
        "flake-utils": "flake-utils",
        "gemini-cli": "gemini-cli",
        "nixpkgs": "nixpkgs_3"
      },
      "locked": {
        "dir": "09/27/7-concepts/6-qa-testing/tests/2025-01-27-build-time-gemini-capture",
        "lastModified": 1759261693,
        "narHash": "sha256-njbtPN60kPw5XBZiDR74X4vTTLsRp5HSfDSFbIeD1ek=",
        "owner": "meta-introspector",
        "repo": "time-2025",
        "rev": "e96113fb96945452f2e9472820f0a0e5ff25de57",
        "type": "github"
      },
      "original": {
        "dir": "09/27/7-concepts/6-qa-testing/tests/2025-01-27-build-time-gemini-capture",
        "owner": "meta-introspector",
        "ref": "feature/vale-precommit",
        "repo": "time-2025",
        "type": "github"
      }
    },
    "default-package-flake": {
      "inputs": {
        "flake-utils-wrapper": "flake-utils-wrapper_2",
        "nixpkgs-pinned": "nixpkgs-pinned_2",
        "repo-data-flake": "repo-data-flake_2"
      },
      "locked": {
        "dir": "flakes/default-package-flake",
        "lastModified": 1758737932,
        "narHash": "sha256-34UPsd1sKPgsFivGRAXyd369LADKqgt3akSzheGhcM0=",
        "owner": "meta-introspector",
        "repo": "ai-ml-zk-ops",
        "rev": "1d4b0df30b2163b5abf6a85e3c83f174afd3db4b",
        "type": "github"
      },
      "original": {
        "dir": "flakes/default-package-flake",
        "owner": "meta-introspector",
        "ref": "feature/concept-to-nix-8s",
        "repo": "ai-ml-zk-ops",
        "type": "github"
      }
    },
    "dev-shell-flake": {
      "inputs": {
        "flake-utils-wrapper": "flake-utils-wrapper_3",
        "nixpkgs-pinned": "nixpkgs-pinned_3",
        "repo-data-flake": "repo-data-flake_3"
      },
      "locked": {
        "dir": "flakes/dev-shell-flake",
        "lastModified": 1758737932,
        "narHash": "sha256-34UPsd1sKPgsFivGRAXyd369LADKqgt3akSzheGhcM0=",
        "owner": "meta-introspector",
        "repo": "ai-ml-zk-ops",
        "rev": "1d4b0df30b2163b5abf6a85e3c83f174afd3db4b",
        "type": "github"
      },
      "original": {
        "dir": "flakes/dev-shell-flake",
        "owner": "meta-introspector",
        "ref": "feature/concept-to-nix-8s",
        "repo": "ai-ml-zk-ops",
        "type": "github"
      }
    },
    "flake-utils": {
      "inputs": {
        "systems": "systems"
      },
      "locked": {
        "lastModified": 1731533236,
        "narHash": "sha256-l0KFg5HjrsfsO/JpG+r7fRrqm12kzFHyUHqHCVpMMbI=",
        "owner": "meta-introspector",
        "repo": "flake-utils",
        "rev": "11707dc2f618dd54ca8739b309ec4fc024de578b",
        "type": "github"
      },
      "original": {
        "owner": "meta-introspector",
        "ref": "feature/CRQ-016-nixify",
        "repo": "flake-utils",
        "type": "github"
      }
    },
    "flake-utils-wrapper": {
      "inputs": {
        "flake-utils": "flake-utils_5"
      },
      "locked": {
        "dir": "flakes/flake-utils-wrapper",
        "lastModified": 1758737932,
        "narHash": "sha256-34UPsd1sKPgsFivGRAXyd369LADKqgt3akSzheGhcM0=",
        "owner": "meta-introspector",
        "repo": "ai-ml-zk-ops",
        "rev": "1d4b0df30b2163b5abf6a85e3c83f174afd3db4b",
        "type": "github"
      },
      "original": {
        "dir": "flakes/flake-utils-wrapper",
        "owner": "meta-introspector",
        "ref": "feature/concept-to-nix-8s",
        "repo": "ai-ml-zk-ops",
        "type": "github"
      }
    },
    "flake-utils-wrapper_2": {
      "inputs": {
        "flake-utils": "flake-utils_6"
      },
      "locked": {
        "lastModified": 1,
        "narHash": "sha256-XdxQrHzOsoQ0spVbJ77H2Mb/JMMeWO7ca+ys8m2l3Fc=",
        "path": "../flake-utils-wrapper",
        "type": "path"
      },
      "original": {
        "path": "../flake-utils-wrapper",
        "type": "path"
      }
    },
    "flake-utils-wrapper_3": {
      "inputs": {
        "flake-utils": "flake-utils_7"
      },
      "locked": {
        "lastModified": 1,
        "narHash": "sha256-XdxQrHzOsoQ0spVbJ77H2Mb/JMMeWO7ca+ys8m2l3Fc=",
        "path": "../flake-utils-wrapper",
        "type": "path"
      },
      "original": {
        "path": "../flake-utils-wrapper",
        "type": "path"
      }
    },
    "flake-utils-wrapper_4": {
      "inputs": {
        "flake-utils": "flake-utils_8"
      },
      "locked": {
        "dir": "flakes/flake-utils-wrapper",
        "lastModified": 1758737932,
        "narHash": "sha256-34UPsd1sKPgsFivGRAXyd369LADKqgt3akSzheGhcM0=",
        "owner": "meta-introspector",
        "repo": "ai-ml-zk-ops",
        "rev": "1d4b0df30b2163b5abf6a85e3c83f174afd3db4b",
        "type": "github"
      },
      "original": {
        "dir": "flakes/flake-utils-wrapper",
        "owner": "meta-introspector",
        "ref": "feature/concept-to-nix-8s",
        "repo": "ai-ml-zk-ops",
        "type": "github"
      }
    },
    "flake-utils-wrapper_5": {
      "inputs": {
        "flake-utils": "flake-utils_9"
      },
      "locked": {
        "lastModified": 1,
        "narHash": "sha256-XdxQrHzOsoQ0spVbJ77H2Mb/JMMeWO7ca+ys8m2l3Fc=",
        "path": "../flake-utils-wrapper",
        "type": "path"
      },
      "original": {
        "path": "../flake-utils-wrapper",
        "type": "path"
      }
    },
    "flake-utils_10": {
      "inputs": {
        "systems": "systems_9"
      },
      "locked": {
        "lastModified": 1731533236,
        "narHash": "sha256-l0KFg5HjrsfsO/JpG+r7fRrqm12kzFHyUHqHCVpMMbI=",
        "owner": "meta-introspector",
        "repo": "flake-utils",
        "rev": "11707dc2f618dd54ca8739b309ec4fc024de578b",
        "type": "github"
      },
      "original": {
        "owner": "meta-introspector",
        "ref": "feature/CRQ-016-nixify",
        "repo": "flake-utils",
        "type": "github"
      }
    },
    "flake-utils_2": {
      "inputs": {
        "systems": "systems_2"
      },
      "locked": {
        "lastModified": 1731533236,
        "narHash": "sha256-l0KFg5HjrsfsO/JpG+r7fRrqm12kzFHyUHqHCVpMMbI=",
        "owner": "numtide",
        "repo": "flake-utils",
        "rev": "11707dc2f618dd54ca8739b309ec4fc024de578b",
        "type": "github"
      },
      "original": {
        "owner": "numtide",
        "repo": "flake-utils",
        "type": "github"
      }
    },
    "flake-utils_3": {
      "locked": {
        "lastModified": 1634851050,
        "narHash": "sha256-N83GlSGPJJdcqhUxSCS/WwW5pksYf3VP1M13cDRTSVA=",
        "owner": "numtide",
        "repo": "flake-utils",
        "rev": "c91f3de5adaf1de973b797ef7485e441a65b8935",
        "type": "github"
      },
      "original": {
        "owner": "numtide",
        "repo": "flake-utils",
        "type": "github"
      }
    },
    "flake-utils_4": {
      "inputs": {
        "systems": "systems_3"
      },
      "locked": {
        "lastModified": 1731533236,
        "narHash": "sha256-l0KFg5HjrsfsO/JpG+r7fRrqm12kzFHyUHqHCVpMMbI=",
        "owner": "meta-introspector",
        "repo": "flake-utils",
        "rev": "11707dc2f618dd54ca8739b309ec4fc024de578b",
        "type": "github"
      },
      "original": {
        "owner": "meta-introspector",
        "ref": "feature/CRQ-016-nixify",
        "repo": "flake-utils",
        "type": "github"
      }
    },
    "flake-utils_5": {
      "inputs": {
        "systems": "systems_4"
      },
      "locked": {
        "lastModified": 1731533236,
        "narHash": "sha256-l0KFg5HjrsfsO/JpG+r7fRrqm12kzFHyUHqHCVpMMbI=",
        "owner": "meta-introspector",
        "repo": "flake-utils",
        "rev": "11707dc2f618dd54ca8739b309ec4fc024de578b",
        "type": "github"
      },
      "original": {
        "owner": "meta-introspector",
        "repo": "flake-utils",
        "type": "github"
      }
    },
    "flake-utils_6": {
      "inputs": {
        "systems": "systems_5"
      },
      "locked": {
        "lastModified": 1731533236,
        "narHash": "sha256-l0KFg5HjrsfsO/JpG+r7fRrqm12kzFHyUHqHCVpMMbI=",
        "owner": "meta-introspector",
        "repo": "flake-utils",
        "rev": "11707dc2f618dd54ca8739b309ec4fc024de578b",
        "type": "github"
      },
      "original": {
        "owner": "meta-introspector",
        "repo": "flake-utils",
        "type": "github"
      }
    },
    "flake-utils_7": {
      "inputs": {
        "systems": "systems_6"
      },
      "locked": {
        "lastModified": 1731533236,
        "narHash": "sha256-l0KFg5HjrsfsO/JpG+r7fRrqm12kzFHyUHqHCVpMMbI=",
        "owner": "meta-introspector",
        "repo": "flake-utils",
        "rev": "11707dc2f618dd54ca8739b309ec4fc024de578b",
        "type": "github"
      },
      "original": {
        "owner": "meta-introspector",
        "repo": "flake-utils",
        "type": "github"
      }
    },
    "flake-utils_8": {
      "inputs": {
        "systems": "systems_7"
      },
      "locked": {
        "lastModified": 1731533236,
        "narHash": "sha256-l0KFg5HjrsfsO/JpG+r7fRrqm12kzFHyUHqHCVpMMbI=",
        "owner": "meta-introspector",
        "repo": "flake-utils",
        "rev": "11707dc2f618dd54ca8739b309ec4fc024de578b",
        "type": "github"
      },
      "original": {
        "owner": "meta-introspector",
        "repo": "flake-utils",
        "type": "github"
      }
    },
    "flake-utils_9": {
      "inputs": {
        "systems": "systems_8"
      },
      "locked": {
        "lastModified": 1731533236,
        "narHash": "sha256-l0KFg5HjrsfsO/JpG+r7fRrqm12kzFHyUHqHCVpMMbI=",
        "owner": "meta-introspector",
        "repo": "flake-utils",
        "rev": "11707dc2f618dd54ca8739b309ec4fc024de578b",
        "type": "github"
      },
      "original": {
        "owner": "meta-introspector",
        "repo": "flake-utils",
        "type": "github"
      }
    },
    "gemini-cli": {
      "inputs": {
        "flake-utils": "flake-utils_2",
        "nixpkgs": "nixpkgs",
        "node2nix-src": "node2nix-src"
      },
      "locked": {
        "lastModified": 1759073299,
        "narHash": "sha256-d+ZK7GS9tWhoftpMXa4SZgjZaGUSrYfDzTxdNLc1C7A=",
        "owner": "meta-introspector",
        "repo": "gemini-cli",
        "rev": "f2db2bdbda1abef077b64f74d54755e2a74d1fcf",
        "type": "github"
      },
      "original": {
        "owner": "meta-introspector",
        "ref": "feature/working-gemini-cli-nix-store",
        "repo": "gemini-cli",
        "type": "github"
      }
    },
    "log-analyzer-flake": {
      "inputs": {
        "ai-ml-zk-ops": "ai-ml-zk-ops",
        "flake-utils": "flake-utils_10",
        "nixpkgs": "nixpkgs_14"
      },
      "locked": {
        "lastModified": 1,
        "narHash": "sha256-GpuZykbdunwbHmVG97L5aTOcXI6uhv721XDvs+VyuRA=",
        "path": "/nix/store/vxxbd1sf60f2aygl0zxwk8pgijjyzrin-source/09/25/log_analyzer",
        "type": "path"
      },
      "original": {
        "path": "/nix/store/vxxbd1sf60f2aygl0zxwk8pgijjyzrin-source/09/25/log_analyzer",
        "type": "path"
      }
    },
    "nixpkgs": {
      "locked": {
        "lastModified": 1757967192,
        "narHash": "sha256-/aA9A/OBmnuOMgwfzdsXRusqzUpd8rQnQY8jtrHK+To=",
        "owner": "meta-introspector",
        "repo": "nixpkgs",
        "rev": "0d7c15863b251a7a50265e57c1dca1a7add2e291",
        "type": "github"
      },
      "original": {
        "owner": "meta-introspector",
        "repo": "nixpkgs",
        "type": "github"
      }
    },
    "nixpkgs-pinned": {
      "inputs": {
        "nixpkgs": "nixpkgs_4"
      },
      "locked": {
        "dir": "flakes/nixpkgs-pinned",
        "lastModified": 1758737932,
        "narHash": "sha256-34UPsd1sKPgsFivGRAXyd369LADKqgt3akSzheGhcM0=",
        "owner": "meta-introspector",
        "repo": "ai-ml-zk-ops",
        "rev": "1d4b0df30b2163b5abf6a85e3c83f174afd3db4b",
        "type": "github"
      },
      "original": {
        "dir": "flakes/nixpkgs-pinned",
        "owner": "meta-introspector",
        "ref": "feature/concept-to-nix-8s",
        "repo": "ai-ml-zk-ops",
        "type": "github"
      }
    },
    "nixpkgs-pinned_2": {
      "inputs": {
        "nixpkgs": "nixpkgs_6"
      },
      "locked": {
        "lastModified": 1,
        "narHash": "sha256-os5rQSFEdCAYuWdrmAh8YtBbflMfaerZnXfV1Ysy730=",
        "path": "../nixpkgs-pinned",
        "type": "path"
      },
      "original": {
        "path": "../nixpkgs-pinned",
        "type": "path"
      }
    },
    "nixpkgs-pinned_3": {
      "inputs": {
        "nixpkgs": "nixpkgs_8"
      },
      "locked": {
        "lastModified": 1,
        "narHash": "sha256-os5rQSFEdCAYuWdrmAh8YtBbflMfaerZnXfV1Ysy730=",
        "path": "../nixpkgs-pinned",
        "type": "path"
      },
      "original": {
        "path": "../nixpkgs-pinned",
        "type": "path"
      }
    },
    "nixpkgs-pinned_4": {
      "inputs": {
        "nixpkgs": "nixpkgs_12"
      },
      "locked": {
        "lastModified": 1,
        "narHash": "sha256-os5rQSFEdCAYuWdrmAh8YtBbflMfaerZnXfV1Ysy730=",
        "path": "../nixpkgs-pinned",
        "type": "path"
      },
      "original": {
        "path": "../nixpkgs-pinned",
        "type": "path"
      }
    },
    "nixpkgs_10": {
      "locked": {
        "lastModified": 1757898380,
        "narHash": "sha256-1Z0KAfbySsHu/IoZbBJLrPgs3IqQGup0T8J9S1ffAkE=",
        "owner": "meta-introspector",
        "repo": "nixpkgs",
        "rev": "26833ad1dad83826ef7cc52e0009ca9b7097c79f",
        "type": "github"
      },
      "original": {
        "owner": "meta-introspector",
        "ref": "feature/CRQ-016-nixify",
        "repo": "nixpkgs",
        "type": "github"
      }
    },
    "nixpkgs_11": {
      "locked": {
        "lastModified": 1758427187,
        "narHash": "sha256-pHpxZ/IyCwoTQPtFIAG2QaxuSm8jWzrzBGjwQZIttJc=",
        "owner": "NixOS",
        "repo": "nixpkgs",
        "rev": "554be6495561ff07b6c724047bdd7e0716aa7b46",
        "type": "github"
      },
      "original": {
        "owner": "NixOS",
        "ref": "nixos-unstable",
        "repo": "nixpkgs",
        "type": "github"
      }
    },
    "nixpkgs_12": {
      "locked": {
        "lastModified": 1757898380,
        "narHash": "sha256-1Z0KAfbySsHu/IoZbBJLrPgs3IqQGup0T8J9S1ffAkE=",
        "owner": "meta-introspector",
        "repo": "nixpkgs",
        "rev": "26833ad1dad83826ef7cc52e0009ca9b7097c79f",
        "type": "github"
      },
      "original": {
        "owner": "meta-introspector",
        "ref": "feature/CRQ-016-nixify",
        "repo": "nixpkgs",
        "type": "github"
      }
    },
    "nixpkgs_13": {
      "locked": {
        "lastModified": 1758427187,
        "narHash": "sha256-pHpxZ/IyCwoTQPtFIAG2QaxuSm8jWzrzBGjwQZIttJc=",
        "owner": "NixOS",
        "repo": "nixpkgs",
        "rev": "554be6495561ff07b6c724047bdd7e0716aa7b46",
        "type": "github"
      },
      "original": {
        "owner": "NixOS",
        "ref": "nixos-unstable",
        "repo": "nixpkgs",
        "type": "github"
      }
    },
    "nixpkgs_14": {
      "locked": {
        "lastModified": 1757898380,
        "narHash": "sha256-1Z0KAfbySsHu/IoZbBJLrPgs3IqQGup0T8J9S1ffAkE=",
        "owner": "meta-introspector",
        "repo": "nixpkgs",
        "rev": "26833ad1dad83826ef7cc52e0009ca9b7097c79f",
        "type": "github"
      },
      "original": {
        "owner": "meta-introspector",
        "ref": "feature/CRQ-016-nixify",
        "repo": "nixpkgs",
        "type": "github"
      }
    },
    "nixpkgs_15": {
      "locked": {
        "lastModified": 1757898380,
        "narHash": "sha256-1Z0KAfbySsHu/IoZbBJLrPgs3IqQGup0T8J9S1ffAkE=",
        "owner": "meta-introspector",
        "repo": "nixpkgs",
        "rev": "26833ad1dad83826ef7cc52e0009ca9b7097c79f",
        "type": "github"
      },
      "original": {
        "owner": "meta-introspector",
        "ref": "feature/CRQ-016-nixify",
        "repo": "nixpkgs",
        "type": "github"
      }
    },
    "nixpkgs_2": {
      "locked": {
        "lastModified": 1634782485,
        "narHash": "sha256-psfh4OQSokGXG0lpq3zKFbhOo3QfoeudRcaUnwMRkQo=",
        "owner": "nixos",
        "repo": "nixpkgs",
        "rev": "34ad3ffe08adfca17fcb4e4a47bb5f3b113687be",
        "type": "github"
      },
      "original": {
        "owner": "nixos",
        "ref": "nixos-unstable",
        "repo": "nixpkgs",
        "type": "github"
      }
    },
    "nixpkgs_3": {
      "locked": {
        "lastModified": 1757898380,
        "narHash": "sha256-1Z0KAfbySsHu/IoZbBJLrPgs3IqQGup0T8J9S1ffAkE=",
        "owner": "meta-introspector",
        "repo": "nixpkgs",
        "rev": "26833ad1dad83826ef7cc52e0009ca9b7097c79f",
        "type": "github"
      },
      "original": {
        "owner": "meta-introspector",
        "ref": "feature/CRQ-016-nixify",
        "repo": "nixpkgs",
        "type": "github"
      }
    },
    "nixpkgs_4": {
      "locked": {
        "lastModified": 1757898380,
        "narHash": "sha256-1Z0KAfbySsHu/IoZbBJLrPgs3IqQGup0T8J9S1ffAkE=",
        "owner": "meta-introspector",
        "repo": "nixpkgs",
        "rev": "26833ad1dad83826ef7cc52e0009ca9b7097c79f",
        "type": "github"
      },
      "original": {
        "owner": "meta-introspector",
        "ref": "feature/CRQ-016-nixify",
        "repo": "nixpkgs",
        "type": "github"
      }
    },
    "nixpkgs_5": {
      "locked": {
        "lastModified": 1758427187,
        "narHash": "sha256-pHpxZ/IyCwoTQPtFIAG2QaxuSm8jWzrzBGjwQZIttJc=",
        "owner": "NixOS",
        "repo": "nixpkgs",
        "rev": "554be6495561ff07b6c724047bdd7e0716aa7b46",
        "type": "github"
      },
      "original": {
        "owner": "NixOS",
        "ref": "nixos-unstable",
        "repo": "nixpkgs",
        "type": "github"
      }
    },
    "nixpkgs_6": {
      "locked": {
        "lastModified": 1757898380,
        "narHash": "sha256-1Z0KAfbySsHu/IoZbBJLrPgs3IqQGup0T8J9S1ffAkE=",
        "owner": "meta-introspector",
        "repo": "nixpkgs",
        "rev": "26833ad1dad83826ef7cc52e0009ca9b7097c79f",
        "type": "github"
      },
      "original": {
        "owner": "meta-introspector",
        "ref": "feature/CRQ-016-nixify",
        "repo": "nixpkgs",
        "type": "github"
      }
    },
    "nixpkgs_7": {
      "locked": {
        "lastModified": 1758427187,
        "narHash": "sha256-pHpxZ/IyCwoTQPtFIAG2QaxuSm8jWzrzBGjwQZIttJc=",
        "owner": "NixOS",
        "repo": "nixpkgs",
        "rev": "554be6495561ff07b6c724047bdd7e0716aa7b46",
        "type": "github"
      },
      "original": {
        "owner": "NixOS",
        "ref": "nixos-unstable",
        "repo": "nixpkgs",
        "type": "github"
      }
    },
    "nixpkgs_8": {
      "locked": {
        "lastModified": 1757898380,
        "narHash": "sha256-1Z0KAfbySsHu/IoZbBJLrPgs3IqQGup0T8J9S1ffAkE=",
        "owner": "meta-introspector",
        "repo": "nixpkgs",
        "rev": "26833ad1dad83826ef7cc52e0009ca9b7097c79f",
        "type": "github"
      },
      "original": {
        "owner": "meta-introspector",
        "ref": "feature/CRQ-016-nixify",
        "repo": "nixpkgs",
        "type": "github"
      }
    },
    "nixpkgs_9": {
      "locked": {
        "lastModified": 1758427187,
        "narHash": "sha256-pHpxZ/IyCwoTQPtFIAG2QaxuSm8jWzrzBGjwQZIttJc=",
        "owner": "NixOS",
        "repo": "nixpkgs",
        "rev": "554be6495561ff07b6c724047bdd7e0716aa7b46",
        "type": "github"
      },
      "original": {
        "owner": "NixOS",
        "ref": "nixos-unstable",
        "repo": "nixpkgs",
        "type": "github"
      }
    },
    "node2nix-src": {
      "inputs": {
        "flake-utils": "flake-utils_3",
        "nixpkgs": "nixpkgs_2"
      },
      "locked": {
        "lastModified": 1673551689,
        "narHash": "sha256-8OxTOkwBPcnjyhXhxQEDd8tiaQoHt91zUJX5Ka+IXco=",
        "owner": "meta-introspector",
        "repo": "node2nix",
        "rev": "315e1b85a6761152f57a41ccea5e2570981ec670",
        "type": "github"
      },
      "original": {
        "owner": "meta-introspector",
        "repo": "node2nix",
        "type": "github"
      }
    },
    "repo-data-flake": {
      "inputs": {
        "nixpkgs": "nixpkgs_5"
      },
      "locked": {
        "dir": "flakes/repo-data-flake",
        "lastModified": 1758737932,
        "narHash": "sha256-34UPsd1sKPgsFivGRAXyd369LADKqgt3akSzheGhcM0=",
        "owner": "meta-introspector",
        "repo": "ai-ml-zk-ops",
        "rev": "1d4b0df30b2163b5abf6a85e3c83f174afd3db4b",
        "type": "github"
      },
      "original": {
        "dir": "flakes/repo-data-flake",
        "owner": "meta-introspector",
        "ref": "feature/concept-to-nix-8s",
        "repo": "ai-ml-zk-ops",
        "type": "github"
      }
    },
    "repo-data-flake_2": {
      "inputs": {
        "nixpkgs": "nixpkgs_7"
      },
      "locked": {
        "lastModified": 1,
        "narHash": "sha256-JDcIpFWv21YjxuTjPHSK8l3M1xEntzkpruFGMvRre/4=",
        "path": "../repo-data-flake",
        "type": "path"
      },
      "original": {
        "path": "../repo-data-flake",
        "type": "path"
      }
    },
    "repo-data-flake_3": {
      "inputs": {
        "nixpkgs": "nixpkgs_9"
      },
      "locked": {
        "lastModified": 1,
        "narHash": "sha256-JDcIpFWv21YjxuTjPHSK8l3M1xEntzkpruFGMvRre/4=",
        "path": "../repo-data-flake",
        "type": "path"
      },
      "original": {
        "path": "../repo-data-flake",
        "type": "path"
      }
    },
    "repo-data-flake_4": {
      "inputs": {
        "nixpkgs": "nixpkgs_11"
      },
      "locked": {
        "dir": "flakes/repo-data-flake",
        "lastModified": 1758737932,
        "narHash": "sha256-34UPsd1sKPgsFivGRAXyd369LADKqgt3akSzheGhcM0=",
        "owner": "meta-introspector",
        "repo": "ai-ml-zk-ops",
        "rev": "1d4b0df30b2163b5abf6a85e3c83f174afd3db4b",
        "type": "github"
      },
      "original": {
        "dir": "flakes/repo-data-flake",
        "owner": "meta-introspector",
        "ref": "feature/concept-to-nix-8s",
        "repo": "ai-ml-zk-ops",
        "type": "github"
      }
    },
    "repo-data-flake_5": {
      "inputs": {
        "nixpkgs": "nixpkgs_13"
      },
      "locked": {
        "lastModified": 1,
        "narHash": "sha256-JDcIpFWv21YjxuTjPHSK8l3M1xEntzkpruFGMvRre/4=",
        "path": "../repo-data-flake",
        "type": "path"
      },
      "original": {
        "path": "../repo-data-flake",
        "type": "path"
      }
    },
    "repo-packages-flake": {
      "inputs": {
        "flake-utils-wrapper": "flake-utils-wrapper_5",
        "nixpkgs-pinned": "nixpkgs-pinned_4",
        "repo-data-flake": "repo-data-flake_5"
      },
      "locked": {
        "dir": "flakes/repo-packages-flake",
        "lastModified": 1758737932,
        "narHash": "sha256-34UPsd1sKPgsFivGRAXyd369LADKqgt3akSzheGhcM0=",
        "owner": "meta-introspector",
        "repo": "ai-ml-zk-ops",
        "rev": "1d4b0df30b2163b5abf6a85e3c83f174afd3db4b",
        "type": "github"
      },
      "original": {
        "dir": "flakes/repo-packages-flake",
        "owner": "meta-introspector",
        "ref": "feature/concept-to-nix-8s",
        "repo": "ai-ml-zk-ops",
        "type": "github"
      }
    },
    "root": {
      "inputs": {
        "build-telemetry-flake": "build-telemetry-flake",
        "flake-utils": "flake-utils_4",
        "log-analyzer-flake": "log-analyzer-flake",
        "nixpkgs": "nixpkgs_15"
      }
    },
    "systems": {
      "locked": {
        "lastModified": 1681028828,
        "narHash": "sha256-Vy1rq5AaRuLzOxct8nz4T6wlgyUR7zLU309k9mBC768=",
        "owner": "nix-systems",
        "repo": "default",
        "rev": "da67096a3b9bf56a91d16901293e51ba5b49a27e",
        "type": "github"
      },
      "original": {
        "owner": "nix-systems",
        "repo": "default",
        "type": "github"
      }
    },
    "systems_2": {
      "locked": {
        "lastModified": 1681028828,
        "narHash": "sha256-Vy1rq5AaRuLzOxct8nz4T6wlgyUR7zLU309k9mBC768=",
        "owner": "nix-systems",
        "repo": "default",
        "rev": "da67096a3b9bf56a91d16901293e51ba5b49a27e",
        "type": "github"
      },
      "original": {
        "owner": "nix-systems",
        "repo": "default",
        "type": "github"
      }
    },
    "systems_3": {
      "locked": {
        "lastModified": 1681028828,
        "narHash": "sha256-Vy1rq5AaRuLzOxct8nz4T6wlgyUR7zLU309k9mBC768=",
        "owner": "nix-systems",
        "repo": "default",
        "rev": "da67096a3b9bf56a91d16901293e51ba5b49a27e",
        "type": "github"
      },
      "original": {
        "owner": "nix-systems",
        "repo": "default",
        "type": "github"
      }
    },
    "systems_4": {
      "locked": {
        "lastModified": 1681028828,
        "narHash": "sha256-Vy1rq5AaRuLzOxct8nz4T6wlgyUR7zLU309k9mBC768=",
        "owner": "nix-systems",
        "repo": "default",
        "rev": "da67096a3b9bf56a91d16901293e51ba5b49a27e",
        "type": "github"
      },
      "original": {
        "owner": "nix-systems",
        "repo": "default",
        "type": "github"
      }
    },
    "systems_5": {
      "locked": {
        "lastModified": 1681028828,
        "narHash": "sha256-Vy1rq5AaRuLzOxct8nz4T6wlgyUR7zLU309k9mBC768=",
        "owner": "nix-systems",
        "repo": "default",
        "rev": "da67096a3b9bf56a91d16901293e51ba5b49a27e",
        "type": "github"
      },
      "original": {
        "owner": "nix-systems",
        "repo": "default",
        "type": "github"
      }
    },
    "systems_6": {
      "locked": {
        "lastModified": 1681028828,
        "narHash": "sha256-Vy1rq5AaRuLzOxct8nz4T6wlgyUR7zLU309k9mBC768=",
        "owner": "nix-systems",
        "repo": "default",
        "rev": "da67096a3b9bf56a91d16901293e51ba5b49a27e",
        "type": "github"
      },
      "original": {
        "owner": "nix-systems",
        "repo": "default",
        "type": "github"
      }
    },
    "systems_7": {
      "locked": {
        "lastModified": 1681028828,
        "narHash": "sha256-Vy1rq5AaRuLzOxct8nz4T6wlgyUR7zLU309k9mBC768=",
        "owner": "nix-systems",
        "repo": "default",
        "rev": "da67096a3b9bf56a91d16901293e51ba5b49a27e",
        "type": "github"
      },
      "original": {
        "owner": "nix-systems",
        "repo": "default",
        "type": "github"
      }
    },
    "systems_8": {
      "locked": {
        "lastModified": 1681028828,
        "narHash": "sha256-Vy1rq5AaRuLzOxct8nz4T6wlgyUR7zLU309k9mBC768=",
        "owner": "nix-systems",
        "repo": "default",
        "rev": "da67096a3b9bf56a91d16901293e51ba5b49a27e",
        "type": "github"
      },
      "original": {
        "owner": "nix-systems",
        "repo": "default",
        "type": "github"
      }
    },
    "systems_9": {
      "locked": {
        "lastModified": 1681028828,
        "narHash": "sha256-Vy1rq5AaRuLzOxct8nz4T6wlgyUR7zLU309k9mBC768=",
        "owner": "nix-systems",
        "repo": "default",
        "rev": "da67096a3b9bf56a91d16901293e51ba5b49a27e",
        "type": "github"
      },
      "original": {
        "owner": "nix-systems",
        "repo": "default",
        "type": "github"
      }
    }
  },
  "root": "root",
  "version": 7
}
