{
  "nodes": {
    "auditFlakesCollectLocks": {
      "inputs": {
        "bagOfWordsGenerator": "bagOfWordsGenerator",
        "flake-utils": "flake-utils_2",
        "nixpkgs": "nixpkgs_2",
        "project": "project"
      },
      "locked": {
        "dir": "10/12/audit-flakes/001_collect_locks",
        "dirtyRev": "decbacce30e1257c13f8c5cd6fd2ec27f8be5da8-dirty",
        "dirtyShortRev": "decbacc-dirty",
        "lastModified": 1760553483,
        "narHash": "sha256-ls9DoVgdU1ECDptNlVubqx4fiVPs5GYzVgE3nAXH0aw=",
        "type": "git",
        "url": "file:///data/data/com.termux.nix/files/home/pick-up-nix2/source/github/meta-introspector/streamofrandom/2025?dir=10/12/audit-flakes/001_collect_locks"
      },
      "original": {
        "dir": "10/12/audit-flakes/001_collect_locks",
        "type": "git",
        "url": "file:///data/data/com.termux.nix/files/home/pick-up-nix2/source/github/meta-introspector/streamofrandom/2025?dir=10/12/audit-flakes/001_collect_locks"
      }
    },
    "bagOfWordsGenerator": {
      "inputs": {
        "bagOfWordsScript": "bagOfWordsScript",
        "flake-utils": "flake-utils",
        "nixpkgs": "nixpkgs"
      },
      "locked": {
        "dir": "flakes/bag-of-words-generator",
        "lastModified": 1760553483,
        "narHash": "sha256-BRj5Xiv1OSSeyBFE3cxN2c++5jxuN3fqiKe+Y7AebIc=",
        "owner": "meta-introspector",
        "repo": "time-2025",
        "rev": "decbacce30e1257c13f8c5cd6fd2ec27f8be5da8",
        "type": "github"
      },
      "original": {
        "dir": "flakes/bag-of-words-generator",
        "owner": "meta-introspector",
        "ref": "feature/aimyc-003-cultivation",
        "repo": "time-2025",
        "type": "github"
      }
    },
    "bagOfWordsScript": {
      "flake": false,
      "locked": {
        "lastModified": 1,
        "narHash": "sha256-bKZsAz8hU5oaQfKroUzHcES1UANKruLynaFvKYq4NOE=",
        "path": "../../scripts/generate_flake_bag_of_words.sh",
        "type": "path"
      },
      "original": {
        "path": "../../scripts/generate_flake_bag_of_words.sh",
        "type": "path"
      }
    },
    "flake-utils": {
      "inputs": {
        "systems": "systems"
      },
      "locked": {
        "lastModified": 1731533236,
        "narHash": "sha256-l0KFg5HjrsfsO/JpG+r7fRrqm12kzFHyUHqHCVpMMbI=",
        "owner": "meta-introspector",
        "repo": "flake-utils",
        "rev": "11707dc2f618dd54ca8739b309ec4fc024de578b",
        "type": "github"
      },
      "original": {
        "owner": "meta-introspector",
        "ref": "feature/CRQ-016-nixify",
        "repo": "flake-utils",
        "type": "github"
      }
    },
    "flake-utils_2": {
      "inputs": {
        "systems": "systems_2"
      },
      "locked": {
        "lastModified": 1731533236,
        "narHash": "sha256-l0KFg5HjrsfsO/JpG+r7fRrqm12kzFHyUHqHCVpMMbI=",
        "owner": "meta-introspector",
        "repo": "flake-utils",
        "rev": "11707dc2f618dd54ca8739b309ec4fc024de578b",
        "type": "github"
      },
      "original": {
        "owner": "meta-introspector",
        "ref": "feature/CRQ-016-nixify",
        "repo": "flake-utils",
        "type": "github"
      }
    },
    "githubWrapperLib": {
      "flake": false,
      "locked": {
        "lastModified": 1760553413,
        "narHash": "sha256-eqlRDnaQefk0z224iLL0D9JK2WJrkCCGgatfU0IaB1U=",
        "path": "/data/data/com.termux.nix/files/home/pick-up-nix2/source/github/meta-introspector/streamofrandom/2025/lib/github-wrapper.nix",
        "type": "path"
      },
      "original": {
        "path": "/data/data/com.termux.nix/files/home/pick-up-nix2/source/github/meta-introspector/streamofrandom/2025/lib/github-wrapper.nix",
        "type": "path"
      }
    },
    "nixpkgs": {
      "locked": {
        "lastModified": 1757898380,
        "narHash": "sha256-1Z0KAfbySsHu/IoZbBJLrPgs3IqQGup0T8J9S1ffAkE=",
        "owner": "meta-introspector",
        "repo": "nixpkgs",
        "rev": "26833ad1dad83826ef7cc52e0009ca9b7097c79f",
        "type": "github"
      },
      "original": {
        "owner": "meta-introspector",
        "ref": "feature/CRQ-016-nixify",
        "repo": "nixpkgs",
        "type": "github"
      }
    },
    "nixpkgs_2": {
      "locked": {
        "lastModified": 1757898380,
        "narHash": "sha256-1Z0KAfbySsHu/IoZbBJLrPgs3IqQGup0T8J9S1ffAkE=",
        "owner": "meta-introspector",
        "repo": "nixpkgs",
        "rev": "26833ad1dad83826ef7cc52e0009ca9b7097c79f",
        "type": "github"
      },
      "original": {
        "owner": "meta-introspector",
        "ref": "feature/CRQ-016-nixify",
        "repo": "nixpkgs",
        "type": "github"
      }
    },
    "nixpkgs_3": {
      "locked": {
        "lastModified": 1757898380,
        "narHash": "sha256-1Z0KAfbySsHu/IoZbBJLrPgs3IqQGup0T8J9S1ffAkE=",
        "owner": "meta-introspector",
        "repo": "nixpkgs",
        "rev": "26833ad1dad83826ef7cc52e0009ca9b7097c79f",
        "type": "github"
      },
      "original": {
        "owner": "meta-introspector",
        "ref": "feature/CRQ-016-nixify",
        "repo": "nixpkgs",
        "type": "github"
      }
    },
    "project": {
      "flake": false,
      "locked": {
        "lastModified": 1,
        "narHash": "sha256-7+uQeHfQnKgAn+220xvDauZLrpAR8AJkR0FNq1O5EYY=",
        "path": "../..",
        "type": "path"
      },
      "original": {
        "path": "../..",
        "type": "path"
      }
    },
    "root": {
      "inputs": {
        "auditFlakesCollectLocks": "auditFlakesCollectLocks",
        "githubWrapperLib": "githubWrapperLib",
        "nixpkgs": "nixpkgs_3"
      }
    },
    "systems": {
      "locked": {
        "lastModified": 1681028828,
        "narHash": "sha256-Vy1rq5AaRuLzOxct8nz4T6wlgyUR7zLU309k9mBC768=",
        "owner": "nix-systems",
        "repo": "default",
        "rev": "da67096a3b9bf56a91d16901293e51ba5b49a27e",
        "type": "github"
      },
      "original": {
        "owner": "nix-systems",
        "repo": "default",
        "type": "github"
      }
    },
    "systems_2": {
      "locked": {
        "lastModified": 1681028828,
        "narHash": "sha256-Vy1rq5AaRuLzOxct8nz4T6wlgyUR7zLU309k9mBC768=",
        "owner": "meta-introspector",
        "repo": "nix-systems-default-fork",
        "rev": "da67096a3b9bf56a91d16901293e51ba5b49a27e",
        "type": "github"
      },
      "original": {
        "owner": "nix-systems",
        "repo": "default",
        "type": "github"
      }
    }
  },
  "root": "root",
  "version": 7
}
