# This file is automatically @generated by Cargo.
# It is not intended for manual editing.
version = 4

[[package]]
name = "monster_svg_morphism"
version = "0.1.0"

[[package]]
name = "svg_parser_tool"
version = "0.1.0"
dependencies = [
 "monster_svg_morphism",
 "xml-rs",
]

[[package]]
name = "xml-rs"
version = "0.8.28"
source = "registry+https://github.com/rust-lang/crates.io-index"
checksum = "3ae8337f8a065cfc972643663ea4279e04e7256de865aa66fe25cec5fb912d3f"
