{
  "nodes": {
    "foafContextFlake": {
      "inputs": {
        "nixpkgs": "nixpkgs"
      },
      "locked": {
        "lastModified": 1,
        "narHash": "sha256-9FWfTaJiU/dF63Tj8h963MWzWjjmM/rqxQTK7PLev5k=",
        "path": "/nix/store/nsrhbd5vfnlwb8wac7w7xjar4qnyivpq-source/flakes/foaf/context",
        "type": "path"
      },
      "original": {
        "path": "/nix/store/nsrhbd5vfnlwb8wac7w7xjar4qnyivpq-source/flakes/foaf/context",
        "type": "path"
      }
    },
    "foafSeedDataFlake": {
      "inputs": {
        "nixpkgs": "nixpkgs_2"
      },
      "locked": {
        "lastModified": 1,
        "narHash": "sha256-TnR43m6GCVI2UFjQUWtEkLZaFw+99TiO23BwFvLqY90=",
        "path": "/nix/store/nsrhbd5vfnlwb8wac7w7xjar4qnyivpq-source/flakes/foaf/seed-data",
        "type": "path"
      },
      "original": {
        "path": "/nix/store/nsrhbd5vfnlwb8wac7w7xjar4qnyivpq-source/flakes/foaf/seed-data",
        "type": "path"
      }
    },
    "nixpkgs": {
      "locked": {
        "lastModified": 1759417375,
        "narHash": "sha256-O7eHcgkQXJNygY6AypkF9tFhsoDQjpNEojw3eFs73Ow=",
        "owner": "NixOS",
        "repo": "nixpkgs",
        "rev": "dc704e6102e76aad573f63b74c742cd96f8f1e6c",
        "type": "github"
      },
      "original": {
        "id": "nixpkgs",
        "type": "indirect"
      }
    },
    "nixpkgs_2": {
      "locked": {
        "lastModified": 1759417375,
        "narHash": "sha256-O7eHcgkQXJNygY6AypkF9tFhsoDQjpNEojw3eFs73Ow=",
        "owner": "NixOS",
        "repo": "nixpkgs",
        "rev": "dc704e6102e76aad573f63b74c742cd96f8f1e6c",
        "type": "github"
      },
      "original": {
        "id": "nixpkgs",
        "type": "indirect"
      }
    },
    "nixpkgs_3": {
      "locked": {
        "lastModified": 1757898380,
        "narHash": "sha256-1Z0KAfbySsHu/IoZbBJLrPgs3IqQGup0T8J9S1ffAkE=",
        "owner": "meta-introspector",
        "repo": "nixpkgs",
        "rev": "26833ad1dad83826ef7cc52e0009ca9b7097c79f",
        "type": "github"
      },
      "original": {
        "owner": "meta-introspector",
        "ref": "feature/CRQ-016-nixify",
        "repo": "nixpkgs",
        "type": "github"
      }
    },
    "root": {
      "inputs": {
        "foafContextFlake": "foafContextFlake",
        "foafSeedDataFlake": "foafSeedDataFlake",
        "nixpkgs": "nixpkgs_3"
      }
    }
  },
  "root": "root",
  "version": 7
}
