{
  "nodes": {
    "foafContextFlake": {
      "inputs": {
        "nixpkgs": "nixpkgs"
      },
      "locked": {
        "dir": "flakes/foaf/context",
        "lastModified": 1759796724,
        "narHash": "sha256-P5QmD2G5vcgNb9PfCeMtbDSMnFKPRFjJpWXROKwBMSA=",
        "owner": "meta-introspector",
        "repo": "time-2025",
        "rev": "ef1039f2bbbd62cb802eab667078b4566d9f9b5c",
        "type": "github"
      },
      "original": {
        "dir": "flakes/foaf/context",
        "owner": "meta-introspector",
        "ref": "feature/foaf",
        "repo": "time-2025",
        "type": "github"
      }
    },
    "foafSeedDataFlake": {
      "inputs": {
        "nixpkgs": "nixpkgs_2"
      },
      "locked": {
        "dir": "flakes/foaf/seed-data",
        "lastModified": 1759796724,
        "narHash": "sha256-P5QmD2G5vcgNb9PfCeMtbDSMnFKPRFjJpWXROKwBMSA=",
        "owner": "meta-introspector",
        "repo": "time-2025",
        "rev": "ef1039f2bbbd62cb802eab667078b4566d9f9b5c",
        "type": "github"
      },
      "original": {
        "dir": "flakes/foaf/seed-data",
        "owner": "meta-introspector",
        "ref": "feature/foaf",
        "repo": "time-2025",
        "type": "github"
      }
    },
    "nixpkgs": {
      "locked": {
        "lastModified": 1759826507,
        "narHash": "sha256-vwXL9H5zDHEQA0oFpww2one0/hkwnPAjc47LRph6d0I=",
        "owner": "NixOS",
        "repo": "nixpkgs",
        "rev": "bce5fe2bb998488d8e7e7856315f90496723793c",
        "type": "github"
      },
      "original": {
        "id": "nixpkgs",
        "type": "indirect"
      }
    },
    "nixpkgs_2": {
      "locked": {
        "lastModified": 1759826507,
        "narHash": "sha256-vwXL9H5zDHEQA0oFpww2one0/hkwnPAjc47LRph6d0I=",
        "owner": "NixOS",
        "repo": "nixpkgs",
        "rev": "bce5fe2bb998488d8e7e7856315f90496723793c",
        "type": "github"
      },
      "original": {
        "id": "nixpkgs",
        "type": "indirect"
      }
    },
    "nixpkgs_3": {
      "locked": {
        "lastModified": 1757898380,
        "narHash": "sha256-1Z0KAfbySsHu/IoZbBJLrPgs3IqQGup0T8J9S1ffAkE=",
        "owner": "meta-introspector",
        "repo": "nixpkgs",
        "rev": "26833ad1dad83826ef7cc52e0009ca9b7097c79f",
        "type": "github"
      },
      "original": {
        "owner": "meta-introspector",
        "ref": "feature/CRQ-016-nixify",
        "repo": "nixpkgs",
        "type": "github"
      }
    },
    "root": {
      "inputs": {
        "foafContextFlake": "foafContextFlake",
        "foafSeedDataFlake": "foafSeedDataFlake",
        "nixpkgs": "nixpkgs_3"
      }
    }
  },
  "root": "root",
  "version": 7
}
