{
  "nodes": {
    "flake-utils": {
      "inputs": {
        "systems": "systems"
      },
      "locked": {
        "lastModified": 1731533236,
        "narHash": "sha256-l0KFg5HjrsfsO/JpG+r7fRrqm12kzFHyUHqHCVpMMbI=",
        "owner": "meta-introspector",
        "repo": "flake-utils",
        "rev": "11707dc2f618dd54ca8739b309ec4fc024de578b",
        "type": "github"
      },
      "original": {
        "owner": "meta-introspector",
        "ref": "feature/CRQ-016-nixify",
        "repo": "flake-utils",
        "type": "github"
      }
    },
    "flake-utils_2": {
      "locked": {
        "lastModified": 1634851050,
        "narHash": "sha256-N83GlSGPJJdcqhUxSCS/WwW5pksYf3VP1M13cDRTSVA=",
        "owner": "numtide",
        "repo": "flake-utils",
        "rev": "c91f3de5adaf1de973b797ef7485e441a65b8935",
        "type": "github"
      },
      "original": {
        "owner": "numtide",
        "repo": "flake-utils",
        "type": "github"
      }
    },
    "flake-utils_3": {
      "inputs": {
        "systems": "systems_3"
      },
      "locked": {
        "lastModified": 1731533236,
        "narHash": "sha256-l0KFg5HjrsfsO/JpG+r7fRrqm12kzFHyUHqHCVpMMbI=",
        "owner": "meta-introspector",
        "repo": "flake-utils",
        "rev": "11707dc2f618dd54ca8739b309ec4fc024de578b",
        "type": "github"
      },
      "original": {
        "owner": "meta-introspector",
        "ref": "feature/CRQ-016-nixify",
        "repo": "flake-utils",
        "type": "github"
      }
    },
    "flake-utils_4": {
      "inputs": {
        "systems": "systems_4"
      },
      "locked": {
        "lastModified": 1731533236,
        "narHash": "sha256-l0KFg5HjrsfsO/JpG+r7fRrqm12kzFHyUHqHCVpMMbI=",
        "owner": "meta-introspector",
        "repo": "flake-utils",
        "rev": "11707dc2f618dd54ca8739b309ec4fc024de578b",
        "type": "github"
      },
      "original": {
        "owner": "meta-introspector",
        "ref": "feature/CRQ-016-nixify",
        "repo": "flake-utils",
        "type": "github"
      }
    },
    "logAnalyzer": {
      "inputs": {
        "flake-utils": "flake-utils",
        "nixpkgs": "nixpkgs"
      },
      "locked": {
        "dir": "09/25/log_analyzer",
        "lastModified": 1759606734,
        "narHash": "sha256-VlO0WxqjWr5tXYEojczTP/LTDgWmLxZywI+8EtX9XJI=",
        "owner": "meta-introspector",
        "repo": "time-2025",
        "rev": "1e7a9f193b58eae55f56a2224bf05cac61644ff8",
        "type": "github"
      },
      "original": {
        "dir": "09/25/log_analyzer",
        "owner": "meta-introspector",
        "ref": "feature/foaf",
        "repo": "time-2025",
        "type": "github"
      }
    },
    "mainProject": {
      "inputs": {
        "logAnalyzer": "logAnalyzer",
        "nixIntrospector": "nixIntrospector",
        "nixOntologyRepo": "nixOntologyRepo",
        "nixpkgs": "nixpkgs_2",
        "node2nix-src": "node2nix-src",
        "self": "self",
        "sops-nix": "sops-nix"
      },
      "locked": {
        "lastModified": 1759796724,
        "narHash": "sha256-P5QmD2G5vcgNb9PfCeMtbDSMnFKPRFjJpWXROKwBMSA=",
        "owner": "meta-introspector",
        "repo": "time-2025",
        "rev": "ef1039f2bbbd62cb802eab667078b4566d9f9b5c",
        "type": "github"
      },
      "original": {
        "owner": "meta-introspector",
        "ref": "feature/foaf",
        "repo": "time-2025",
        "type": "github"
      }
    },
    "nixIntrospector": {
      "inputs": {
        "systems": "systems_2"
      },
      "locked": {
        "lastModified": 1731533236,
        "narHash": "sha256-l0KFg5HjrsfsO/JpG+r7fRrqm12kzFHyUHqHCVpMMbI=",
        "owner": "meta-introspector",
        "repo": "flake-utils",
        "rev": "11707dc2f618dd54ca8739b309ec4fc024de578b",
        "type": "github"
      },
      "original": {
        "owner": "meta-introspector",
        "ref": "feature/CRQ-016-nixify",
        "repo": "flake-utils",
        "type": "github"
      }
    },
    "nixOntologyRepo": {
      "flake": false,
      "locked": {
        "lastModified": 1759635983,
        "narHash": "sha256-qMVYslzMQ/M0lv7UgsQOR1z9GS6RsL0sbRKJjqtQnSY=",
        "owner": "meta-introspector",
        "repo": "ontology",
        "rev": "00107c0b138c8ab99b9d1dcc6cd7efed1927e33d",
        "type": "github"
      },
      "original": {
        "owner": "meta-introspector",
        "repo": "ontology",
        "type": "github"
      }
    },
    "nixpkgs": {
      "locked": {
        "lastModified": 1757898380,
        "narHash": "sha256-1Z0KAfbySsHu/IoZbBJLrPgs3IqQGup0T8J9S1ffAkE=",
        "owner": "meta-introspector",
        "repo": "nixpkgs",
        "rev": "26833ad1dad83826ef7cc52e0009ca9b7097c79f",
        "type": "github"
      },
      "original": {
        "owner": "meta-introspector",
        "ref": "feature/CRQ-016-nixify",
        "repo": "nixpkgs",
        "type": "github"
      }
    },
    "nixpkgs_2": {
      "locked": {
        "lastModified": 1757898380,
        "narHash": "sha256-1Z0KAfbySsHu/IoZbBJLrPgs3IqQGup0T8J9S1ffAkE=",
        "owner": "meta-introspector",
        "repo": "nixpkgs",
        "rev": "26833ad1dad83826ef7cc52e0009ca9b7097c79f",
        "type": "github"
      },
      "original": {
        "owner": "meta-introspector",
        "ref": "feature/CRQ-016-nixify",
        "repo": "nixpkgs",
        "type": "github"
      }
    },
    "nixpkgs_3": {
      "locked": {
        "lastModified": 1634782485,
        "narHash": "sha256-psfh4OQSokGXG0lpq3zKFbhOo3QfoeudRcaUnwMRkQo=",
        "owner": "nixos",
        "repo": "nixpkgs",
        "rev": "34ad3ffe08adfca17fcb4e4a47bb5f3b113687be",
        "type": "github"
      },
      "original": {
        "owner": "nixos",
        "ref": "nixos-unstable",
        "repo": "nixpkgs",
        "type": "github"
      }
    },
    "nixpkgs_4": {
      "locked": {
        "lastModified": 1757898380,
        "narHash": "sha256-1Z0KAfbySsHu/IoZbBJLrPgs3IqQGup0T8J9S1ffAkE=",
        "owner": "meta-introspector",
        "repo": "nixpkgs",
        "rev": "26833ad1dad83826ef7cc52e0009ca9b7097c79f",
        "type": "github"
      },
      "original": {
        "owner": "meta-introspector",
        "ref": "feature/CRQ-016-nixify",
        "repo": "nixpkgs",
        "type": "github"
      }
    },
    "nixpkgs_5": {
      "locked": {
        "lastModified": 1757898380,
        "narHash": "sha256-1Z0KAfbySsHu/IoZbBJLrPgs3IqQGup0T8J9S1ffAkE=",
        "owner": "meta-introspector",
        "repo": "nixpkgs",
        "rev": "26833ad1dad83826ef7cc52e0009ca9b7097c79f",
        "type": "github"
      },
      "original": {
        "owner": "meta-introspector",
        "ref": "feature/CRQ-016-nixify",
        "repo": "nixpkgs",
        "type": "github"
      }
    },
    "nixpkgs_6": {
      "locked": {
        "lastModified": 1758976413,
        "narHash": "sha256-hEIDTaIqvW1NMfaNgz6pjhZPZKTmACJmXxGr/H6isIg=",
        "owner": "NixOS",
        "repo": "nixpkgs",
        "rev": "e3a3b32cc234f1683258d36c6232f150d57df015",
        "type": "github"
      },
      "original": {
        "owner": "NixOS",
        "ref": "nixpkgs-unstable",
        "repo": "nixpkgs",
        "type": "github"
      }
    },
    "nixpkgs_7": {
      "locked": {
        "lastModified": 1757898380,
        "narHash": "sha256-1Z0KAfbySsHu/IoZbBJLrPgs3IqQGup0T8J9S1ffAkE=",
        "owner": "meta-introspector",
        "repo": "nixpkgs",
        "rev": "26833ad1dad83826ef7cc52e0009ca9b7097c79f",
        "type": "github"
      },
      "original": {
        "owner": "meta-introspector",
        "ref": "feature/CRQ-016-nixify",
        "repo": "nixpkgs",
        "type": "github"
      }
    },
    "node2nix-src": {
      "inputs": {
        "flake-utils": "flake-utils_2",
        "nixpkgs": "nixpkgs_3"
      },
      "locked": {
        "lastModified": 1673551689,
        "narHash": "sha256-8OxTOkwBPcnjyhXhxQEDd8tiaQoHt91zUJX5Ka+IXco=",
        "owner": "meta-introspector",
        "repo": "node2nix",
        "rev": "315e1b85a6761152f57a41ccea5e2570981ec670",
        "type": "github"
      },
      "original": {
        "owner": "meta-introspector",
        "repo": "node2nix",
        "type": "github"
      }
    },
    "root": {
      "inputs": {
        "mainProject": "mainProject",
        "nixpkgs": "nixpkgs_7"
      }
    },
    "self": {
      "inputs": {
        "flake-utils": "flake-utils_3",
        "nixpkgs": "nixpkgs_4",
        "vendoredLintStaged": "vendoredLintStaged"
      },
      "locked": {
        "lastModified": 1759506839,
        "narHash": "sha256-TOH4TO9/97K0wC8wpv6mXw7eyKpGlZ0oenYfCkCr1J0=",
        "owner": "meta-introspector",
        "repo": "streamofrandom",
        "rev": "8f40e7de433d7c050d5bc2fe47f1f9eef819c886",
        "type": "github"
      },
      "original": {
        "owner": "meta-introspector",
        "ref": "feature/foaf",
        "repo": "streamofrandom",
        "type": "github"
      }
    },
    "sops-nix": {
      "inputs": {
        "nixpkgs": "nixpkgs_6"
      },
      "locked": {
        "lastModified": 1759030640,
        "narHash": "sha256-53VP3BqMXJqD1He1WADTFyUnpta3mie56H7nC59tSic=",
        "owner": "meta-introspector",
        "repo": "sops-nix",
        "rev": "9ac51832c70f2ff34fcc97b05fa74b4a78317f9e",
        "type": "github"
      },
      "original": {
        "owner": "meta-introspector",
        "ref": "feature/working-gemini-cli-nix-store",
        "repo": "sops-nix",
        "type": "github"
      }
    },
    "systems": {
      "locked": {
        "lastModified": 1681028828,
        "narHash": "sha256-Vy1rq5AaRuLzOxct8nz4T6wlgyUR7zLU309k9mBC768=",
        "owner": "nix-systems",
        "repo": "default",
        "rev": "da67096a3b9bf56a91d16901293e51ba5b49a27e",
        "type": "github"
      },
      "original": {
        "owner": "nix-systems",
        "repo": "default",
        "type": "github"
      }
    },
    "systems_2": {
      "locked": {
        "lastModified": 1681028828,
        "narHash": "sha256-Vy1rq5AaRuLzOxct8nz4T6wlgyUR7zLU309k9mBC768=",
        "owner": "nix-systems",
        "repo": "default",
        "rev": "da67096a3b9bf56a91d16901293e51ba5b49a27e",
        "type": "github"
      },
      "original": {
        "owner": "nix-systems",
        "repo": "default",
        "type": "github"
      }
    },
    "systems_3": {
      "locked": {
        "lastModified": 1681028828,
        "narHash": "sha256-Vy1rq5AaRuLzOxct8nz4T6wlgyUR7zLU309k9mBC768=",
        "owner": "nix-systems",
        "repo": "default",
        "rev": "da67096a3b9bf56a91d16901293e51ba5b49a27e",
        "type": "github"
      },
      "original": {
        "owner": "nix-systems",
        "repo": "default",
        "type": "github"
      }
    },
    "systems_4": {
      "locked": {
        "lastModified": 1681028828,
        "narHash": "sha256-Vy1rq5AaRuLzOxct8nz4T6wlgyUR7zLU309k9mBC768=",
        "owner": "nix-systems",
        "repo": "default",
        "rev": "da67096a3b9bf56a91d16901293e51ba5b49a27e",
        "type": "github"
      },
      "original": {
        "owner": "nix-systems",
        "repo": "default",
        "type": "github"
      }
    },
    "vendoredLintStaged": {
      "inputs": {
        "flake-utils": "flake-utils_4",
        "nixpkgs": "nixpkgs_5"
      },
      "locked": {
        "dir": "/09/27/7-concepts/1-build-system",
        "lastModified": 1759177655,
        "narHash": "sha256-eI82XNveSdhbEOKnBZLMiGcMYp58wToY4uCS/ExtKSs=",
        "owner": "meta-introspector",
        "repo": "time-2025",
        "rev": "3d285c0e60b1a3a3910b8c66970b493bc06d7dc6",
        "type": "github"
      },
      "original": {
        "dir": "/09/27/7-concepts/1-build-system",
        "owner": "meta-introspector",
        "ref": "feature/vale-precommit",
        "repo": "time-2025",
        "type": "github"
      }
    }
  },
  "root": "root",
  "version": 7
}
