{
  "nodes": {
    "nixpkgs": {
      "locked": {
        "lastModified": 1757898380,
        "narHash": "sha256-1Z0KAfbySsHu/IoZbBJLrPgs3IqQGup0T8J9S1ffAkE=",
        "owner": "meta-introspector",
        "repo": "nixpkgs",
        "rev": "26833ad1dad83826ef7cc52e0009ca9b7097c79f",
        "type": "github"
      },
      "original": {
        "owner": "meta-introspector",
        "ref": "feature/CRQ-016-nixify",
        "repo": "nixpkgs",
        "type": "github"
      }
    },
    "root": {
      "inputs": {
        "nixpkgs": "nixpkgs",
        "targetRepo": "targetRepo"
      }
    },
    "targetRepo": {
      "flake": false,
      "locked": {
        "lastModified": 1759886000,
        "narHash": "sha256-zOzzRG6RuW0O7CJJYn7JC11StOCiSSA4hOJL6ueVV6I=",
        "owner": "meta-introspector",
        "repo": "time-2025",
        "rev": "f441f8368b507642c2601a46927301529e789db1",
        "type": "github"
      },
      "original": {
        "owner": "meta-introspector",
        "ref": "feature/lattice-30030-homedir",
        "repo": "time-2025",
        "type": "github"
      }
    }
  },
  "root": "root",
  "version": 7
}
